
Microsoft Visual Studio Solution File, Format Version 12.00
# Visual Studio Version 17
VisualStudioVersion = 17.0.32112.339
MinimumVisualStudioVersion = 10.0.40219.1
Project("{FAE04EC0-301F-11D3-BF4B-00C04F79EFBC}") = "Figures", "Figures.csproj", "{AF87BA93-DE3F-4D03-AB1A-16D8E65FAC5A}"
EndProject
Project("{FAE04EC0-301F-11D3-BF4B-00C04F79EFBC}") = "FiguresTests", "..\FiguresTests\FiguresTests.csproj", "{77B803AC-567F-44AF-A2BE-7B73B48C9D20}"
EndProject
Global
	GlobalSection(SolutionConfigurationPlatforms) = preSolution
		Debug|Any CPU = Debug|Any CPU
		Release|Any CPU = Release|Any CPU
	EndGlobalSection
	GlobalSection(ProjectConfigurationPlatforms) = postSolution
		{AF87BA93-DE3F-4D03-AB1A-16D8E65FAC5A}.Debug|Any CPU.ActiveCfg = Debug|Any CPU
		{AF87BA93-DE3F-4D03-AB1A-16D8E65FAC5A}.Debug|Any CPU.Build.0 = Debug|Any CPU
		{AF87BA93-DE3F-4D03-AB1A-16D8E65FAC5A}.Release|Any CPU.ActiveCfg = Release|Any CPU
		{AF87BA93-DE3F-4D03-AB1A-16D8E65FAC5A}.Release|Any CPU.Build.0 = Release|Any CPU
		{77B803AC-567F-44AF-A2BE-7B73B48C9D20}.Debug|Any CPU.ActiveCfg = Debug|Any CPU
		{77B803AC-567F-44AF-A2BE-7B73B48C9D20}.Debug|Any CPU.Build.0 = Debug|Any CPU
		{77B803AC-567F-44AF-A2BE-7B73B48C9D20}.Release|Any CPU.ActiveCfg = Release|Any CPU
		{77B803AC-567F-44AF-A2BE-7B73B48C9D20}.Release|Any CPU.Build.0 = Release|Any CPU
	EndGlobalSection
	GlobalSection(SolutionProperties) = preSolution
		HideSolutionNode = FALSE
	EndGlobalSection
	GlobalSection(ExtensibilityGlobals) = postSolution
		SolutionGuid = {4E0E306C-B1D7-47E3-A793-B62E3289C96A}
	EndGlobalSection
EndGlobal
